// !$*UTF8*$!
{
	archiveVersion = 1;
	classes = {
	};
	objectVersion = 46;
	objects = {

/* Begin PBXBuildFile section */
		2520A35BE27D4E8997B0F798 /* libPods.a in Frameworks */ = {isa = PBXBuildFile; fileRef = 30CBA787AB70482F831504CF /* libPods.a */; };
		59558A91190011DF00D1E37A /* Venue.m in Sources */ = {isa = PBXBuildFile; fileRef = 59558A90190011DF00D1E37A /* Venue.m */; };
		59558A9419001AF900D1E37A /* Location.m in Sources */ = {isa = PBXBuildFile; fileRef = 59558A9319001AF900D1E37A /* Location.m */; };
		59558A971903626100D1E37A /* VenueCell.m in Sources */ = {isa = PBXBuildFile; fileRef = 59558A961903626100D1E37A /* VenueCell.m */; };
		59F0FDCF18FF72340084CA2F /* Foundation.framework in Frameworks */ = {isa = PBXBuildFile; fileRef = 59F0FDCE18FF72340084CA2F /* Foundation.framework */; };
		59F0FDD118FF72340084CA2F /* CoreGraphics.framework in Frameworks */ = {isa = PBXBuildFile; fileRef = 59F0FDD018FF72340084CA2F /* CoreGraphics.framework */; };
		59F0FDD318FF72340084CA2F /* UIKit.framework in Frameworks */ = {isa = PBXBuildFile; fileRef = 59F0FDD218FF72340084CA2F /* UIKit.framework */; };
		59F0FDD918FF72340084CA2F /* InfoPlist.strings in Resources */ = {isa = PBXBuildFile; fileRef = 59F0FDD718FF72340084CA2F /* InfoPlist.strings */; };
		59F0FDDB18FF72340084CA2F /* main.m in Sources */ = {isa = PBXBuildFile; fileRef = 59F0FDDA18FF72340084CA2F /* main.m */; };
		59F0FDDF18FF72340084CA2F /* AppDelegate.m in Sources */ = {isa = PBXBuildFile; fileRef = 59F0FDDE18FF72340084CA2F /* AppDelegate.m */; };
		59F0FDE218FF72340084CA2F /* Main.storyboard in Resources */ = {isa = PBXBuildFile; fileRef = 59F0FDE018FF72340084CA2F /* Main.storyboard */; };
		59F0FDE518FF72340084CA2F /* MasterViewController.m in Sources */ = {isa = PBXBuildFile; fileRef = 59F0FDE418FF72340084CA2F /* MasterViewController.m */; };
		59F0FDE818FF72340084CA2F /* DetailViewController.m in Sources */ = {isa = PBXBuildFile; fileRef = 59F0FDE718FF72340084CA2F /* DetailViewController.m */; };
		59F0FDEA18FF72340084CA2F /* Images.xcassets in Resources */ = {isa = PBXBuildFile; fileRef = 59F0FDE918FF72340084CA2F /* Images.xcassets */; };
		59F0FDF118FF72340084CA2F /* XCTest.framework in Frameworks */ = {isa = PBXBuildFile; fileRef = 59F0FDF018FF72340084CA2F /* XCTest.framework */; };
		59F0FDF218FF72340084CA2F /* Foundation.framework in Frameworks */ = {isa = PBXBuildFile; fileRef = 59F0FDCE18FF72340084CA2F /* Foundation.framework */; };
		59F0FDF318FF72340084CA2F /* UIKit.framework in Frameworks */ = {isa = PBXBuildFile; fileRef = 59F0FDD218FF72340084CA2F /* UIKit.framework */; };
		59F0FDFB18FF72340084CA2F /* InfoPlist.strings in Resources */ = {isa = PBXBuildFile; fileRef = 59F0FDF918FF72340084CA2F /* InfoPlist.strings */; };
		59F0FDFD18FF72340084CA2F /* CoffeeKitTests.m in Sources */ = {isa = PBXBuildFile; fileRef = 59F0FDFC18FF72340084CA2F /* CoffeeKitTests.m */; };
/* End PBXBuildFile section */

/* Begin PBXContainerItemProxy section */
		59F0FDF418FF72340084CA2F /* PBXContainerItemProxy */ = {
			isa = PBXContainerItemProxy;
			containerPortal = 59F0FDC318FF72340084CA2F /* Project object */;
			proxyType = 1;
			remoteGlobalIDString = 59F0FDCA18FF72340084CA2F;
			remoteInfo = CoffeeKit;
		};
/* End PBXContainerItemProxy section */

/* Begin PBXFileReference section */
		30CBA787AB70482F831504CF /* libPods.a */ = {isa = PBXFileReference; explicitFileType = archive.ar; includeInIndex = 0; path = libPods.a; sourceTree = BUILT_PRODUCTS_DIR; };
		59558A8F190011DF00D1E37A /* Venue.h */ = {isa = PBXFileReference; fileEncoding = 4; lastKnownFileType = sourcecode.c.h; path = Venue.h; sourceTree = "<group>"; };
		59558A90190011DF00D1E37A /* Venue.m */ = {isa = PBXFileReference; fileEncoding = 4; lastKnownFileType = sourcecode.c.objc; path = Venue.m; sourceTree = "<group>"; };
		59558A9219001AF900D1E37A /* Location.h */ = {isa = PBXFileReference; fileEncoding = 4; lastKnownFileType = sourcecode.c.h; path = Location.h; sourceTree = "<group>"; };
		59558A9319001AF900D1E37A /* Location.m */ = {isa = PBXFileReference; fileEncoding = 4; lastKnownFileType = sourcecode.c.objc; path = Location.m; sourceTree = "<group>"; };
		59558A951903626100D1E37A /* VenueCell.h */ = {isa = PBXFileReference; fileEncoding = 4; lastKnownFileType = sourcecode.c.h; path = VenueCell.h; sourceTree = "<group>"; };
		59558A961903626100D1E37A /* VenueCell.m */ = {isa = PBXFileReference; fileEncoding = 4; lastKnownFileType = sourcecode.c.objc; path = VenueCell.m; sourceTree = "<group>"; };
		59F0FDCB18FF72340084CA2F /* CoffeeKit.app */ = {isa = PBXFileReference; explicitFileType = wrapper.application; includeInIndex = 0; path = CoffeeKit.app; sourceTree = BUILT_PRODUCTS_DIR; };
		59F0FDCE18FF72340084CA2F /* Foundation.framework */ = {isa = PBXFileReference; lastKnownFileType = wrapper.framework; name = Foundation.framework; path = System/Library/Frameworks/Foundation.framework; sourceTree = SDKROOT; };
		59F0FDD018FF72340084CA2F /* CoreGraphics.framework */ = {isa = PBXFileReference; lastKnownFileType = wrapper.framework; name = CoreGraphics.framework; path = System/Library/Frameworks/CoreGraphics.framework; sourceTree = SDKROOT; };
		59F0FDD218FF72340084CA2F /* UIKit.framework */ = {isa = PBXFileReference; lastKnownFileType = wrapper.framework; name = UIKit.framework; path = System/Library/Frameworks/UIKit.framework; sourceTree = SDKROOT; };
		59F0FDD618FF72340084CA2F /* CoffeeKit-Info.plist */ = {isa = PBXFileReference; lastKnownFileType = text.plist.xml; path = "CoffeeKit-Info.plist"; sourceTree = "<group>"; };
		59F0FDD818FF72340084CA2F /* en */ = {isa = PBXFileReference; lastKnownFileType = text.plist.strings; name = en; path = en.lproj/InfoPlist.strings; sourceTree = "<group>"; };
		59F0FDDA18FF72340084CA2F /* main.m */ = {isa = PBXFileReference; lastKnownFileType = sourcecode.c.objc; path = main.m; sourceTree = "<group>"; };
		59F0FDDC18FF72340084CA2F /* CoffeeKit-Prefix.pch */ = {isa = PBXFileReference; lastKnownFileType = sourcecode.c.h; path = "CoffeeKit-Prefix.pch"; sourceTree = "<group>"; };
		59F0FDDD18FF72340084CA2F /* AppDelegate.h */ = {isa = PBXFileReference; lastKnownFileType = sourcecode.c.h; path = AppDelegate.h; sourceTree = "<group>"; };
		59F0FDDE18FF72340084CA2F /* AppDelegate.m */ = {isa = PBXFileReference; lastKnownFileType = sourcecode.c.objc; path = AppDelegate.m; sourceTree = "<group>"; };
		59F0FDE118FF72340084CA2F /* Base */ = {isa = PBXFileReference; lastKnownFileType = file.storyboard; name = Base; path = Base.lproj/Main.storyboard; sourceTree = "<group>"; };
		59F0FDE318FF72340084CA2F /* MasterViewController.h */ = {isa = PBXFileReference; lastKnownFileType = sourcecode.c.h; path = MasterViewController.h; sourceTree = "<group>"; };
		59F0FDE418FF72340084CA2F /* MasterViewController.m */ = {isa = PBXFileReference; lastKnownFileType = sourcecode.c.objc; path = MasterViewController.m; sourceTree = "<group>"; };
		59F0FDE618FF72340084CA2F /* DetailViewController.h */ = {isa = PBXFileReference; lastKnownFileType = sourcecode.c.h; path = DetailViewController.h; sourceTree = "<group>"; };
		59F0FDE718FF72340084CA2F /* DetailViewController.m */ = {isa = PBXFileReference; lastKnownFileType = sourcecode.c.objc; path = DetailViewController.m; sourceTree = "<group>"; };
		59F0FDE918FF72340084CA2F /* Images.xcassets */ = {isa = PBXFileReference; lastKnownFileType = folder.assetcatalog; path = Images.xcassets; sourceTree = "<group>"; };
		59F0FDEF18FF72340084CA2F /* CoffeeKitTests.xctest */ = {isa = PBXFileReference; explicitFileType = wrapper.cfbundle; includeInIndex = 0; path = CoffeeKitTests.xctest; sourceTree = BUILT_PRODUCTS_DIR; };
		59F0FDF018FF72340084CA2F /* XCTest.framework */ = {isa = PBXFileReference; lastKnownFileType = wrapper.framework; name = XCTest.framework; path = Library/Frameworks/XCTest.framework; sourceTree = DEVELOPER_DIR; };
		59F0FDF818FF72340084CA2F /* CoffeeKitTests-Info.plist */ = {isa = PBXFileReference; lastKnownFileType = text.plist.xml; path = "CoffeeKitTests-Info.plist"; sourceTree = "<group>"; };
		59F0FDFA18FF72340084CA2F /* en */ = {isa = PBXFileReference; lastKnownFileType = text.plist.strings; name = en; path = en.lproj/InfoPlist.strings; sourceTree = "<group>"; };
		59F0FDFC18FF72340084CA2F /* CoffeeKitTests.m */ = {isa = PBXFileReference; lastKnownFileType = sourcecode.c.objc; path = CoffeeKitTests.m; sourceTree = "<group>"; };
		CE7B3DDF839D4CAFADA3226C /* Pods.xcconfig */ = {isa = PBXFileReference; includeInIndex = 1; lastKnownFileType = text.xcconfig; name = Pods.xcconfig; path = Pods/Pods.xcconfig; sourceTree = "<group>"; };
/* End PBXFileReference section */

/* Begin PBXFrameworksBuildPhase section */
		59F0FDC818FF72340084CA2F /* Frameworks */ = {
			isa = PBXFrameworksBuildPhase;
			buildActionMask = 2147483647;
			files = (
				59F0FDD118FF72340084CA2F /* CoreGraphics.framework in Frameworks */,
				59F0FDD318FF72340084CA2F /* UIKit.framework in Frameworks */,
				59F0FDCF18FF72340084CA2F /* Foundation.framework in Frameworks */,
				2520A35BE27D4E8997B0F798 /* libPods.a in Frameworks */,
			);
			runOnlyForDeploymentPostprocessing = 0;
		};
		59F0FDEC18FF72340084CA2F /* Frameworks */ = {
			isa = PBXFrameworksBuildPhase;
			buildActionMask = 2147483647;
			files = (
				59F0FDF118FF72340084CA2F /* XCTest.framework in Frameworks */,
				59F0FDF318FF72340084CA2F /* UIKit.framework in Frameworks */,
				59F0FDF218FF72340084CA2F /* Foundation.framework in Frameworks */,
			);
			runOnlyForDeploymentPostprocessing = 0;
		};
/* End PBXFrameworksBuildPhase section */

/* Begin PBXGroup section */
		59F0FDC218FF72340084CA2F = {
			isa = PBXGroup;
			children = (
				59F0FDD418FF72340084CA2F /* CoffeeKit */,
				59F0FDF618FF72340084CA2F /* CoffeeKitTests */,
				59F0FDCD18FF72340084CA2F /* Frameworks */,
				59F0FDCC18FF72340084CA2F /* Products */,
				CE7B3DDF839D4CAFADA3226C /* Pods.xcconfig */,
			);
			sourceTree = "<group>";
		};
		59F0FDCC18FF72340084CA2F /* Products */ = {
			isa = PBXGroup;
			children = (
				59F0FDCB18FF72340084CA2F /* CoffeeKit.app */,
				59F0FDEF18FF72340084CA2F /* CoffeeKitTests.xctest */,
			);
			name = Products;
			sourceTree = "<group>";
		};
		59F0FDCD18FF72340084CA2F /* Frameworks */ = {
			isa = PBXGroup;
			children = (
				59F0FDCE18FF72340084CA2F /* Foundation.framework */,
				59F0FDD018FF72340084CA2F /* CoreGraphics.framework */,
				59F0FDD218FF72340084CA2F /* UIKit.framework */,
				59F0FDF018FF72340084CA2F /* XCTest.framework */,
				30CBA787AB70482F831504CF /* libPods.a */,
			);
			name = Frameworks;
			sourceTree = "<group>";
		};
		59F0FDD418FF72340084CA2F /* CoffeeKit */ = {
			isa = PBXGroup;
			children = (
				59F0FDDD18FF72340084CA2F /* AppDelegate.h */,
				59F0FDDE18FF72340084CA2F /* AppDelegate.m */,
				59F0FDE018FF72340084CA2F /* Main.storyboard */,
				59F0FDE318FF72340084CA2F /* MasterViewController.h */,
				59F0FDE418FF72340084CA2F /* MasterViewController.m */,
				59558A8F190011DF00D1E37A /* Venue.h */,
				59558A90190011DF00D1E37A /* Venue.m */,
				59F0FDE618FF72340084CA2F /* DetailViewController.h */,
				59F0FDE718FF72340084CA2F /* DetailViewController.m */,
				59F0FDE918FF72340084CA2F /* Images.xcassets */,
				59F0FDD518FF72340084CA2F /* Supporting Files */,
				59558A9219001AF900D1E37A /* Location.h */,
				59558A9319001AF900D1E37A /* Location.m */,
				59558A951903626100D1E37A /* VenueCell.h */,
				59558A961903626100D1E37A /* VenueCell.m */,
			);
			path = CoffeeKit;
			sourceTree = "<group>";
		};
		59F0FDD518FF72340084CA2F /* Supporting Files */ = {
			isa = PBXGroup;
			children = (
				59F0FDD618FF72340084CA2F /* CoffeeKit-Info.plist */,
				59F0FDD718FF72340084CA2F /* InfoPlist.strings */,
				59F0FDDA18FF72340084CA2F /* main.m */,
				59F0FDDC18FF72340084CA2F /* CoffeeKit-Prefix.pch */,
			);
			name = "Supporting Files";
			sourceTree = "<group>";
		};
		59F0FDF618FF72340084CA2F /* CoffeeKitTests */ = {
			isa = PBXGroup;
			children = (
				59F0FDFC18FF72340084CA2F /* CoffeeKitTests.m */,
				59F0FDF718FF72340084CA2F /* Supporting Files */,
			);
			path = CoffeeKitTests;
			sourceTree = "<group>";
		};
		59F0FDF718FF72340084CA2F /* Supporting Files */ = {
			isa = PBXGroup;
			children = (
				59F0FDF818FF72340084CA2F /* CoffeeKitTests-Info.plist */,
				59F0FDF918FF72340084CA2F /* InfoPlist.strings */,
			);
			name = "Supporting Files";
			sourceTree = "<group>";
		};
/* End PBXGroup section */

/* Begin PBXNativeTarget section */
		59F0FDCA18FF72340084CA2F /* CoffeeKit */ = {
			isa = PBXNativeTarget;
			buildConfigurationList = 59F0FE0018FF72340084CA2F /* Build configuration list for PBXNativeTarget "CoffeeKit" */;
			buildPhases = (
				D12FE00287654A1A888644D6 /* Check Pods Manifest.lock */,
				59F0FDC718FF72340084CA2F /* Sources */,
				59F0FDC818FF72340084CA2F /* Frameworks */,
				59F0FDC918FF72340084CA2F /* Resources */,
				1F1D14F20083462ABDCB3EBC /* Copy Pods Resources */,
			);
			buildRules = (
			);
			dependencies = (
			);
			name = CoffeeKit;
			productName = CoffeeKit;
			productReference = 59F0FDCB18FF72340084CA2F /* CoffeeKit.app */;
			productType = "com.apple.product-type.application";
		};
		59F0FDEE18FF72340084CA2F /* CoffeeKitTests */ = {
			isa = PBXNativeTarget;
			buildConfigurationList = 59F0FE0318FF72340084CA2F /* Build configuration list for PBXNativeTarget "CoffeeKitTests" */;
			buildPhases = (
				59F0FDEB18FF72340084CA2F /* Sources */,
				59F0FDEC18FF72340084CA2F /* Frameworks */,
				59F0FDED18FF72340084CA2F /* Resources */,
			);
			buildRules = (
			);
			dependencies = (
				59F0FDF518FF72340084CA2F /* PBXTargetDependency */,
			);
			name = CoffeeKitTests;
			productName = CoffeeKitTests;
			productReference = 59F0FDEF18FF72340084CA2F /* CoffeeKitTests.xctest */;
			productType = "com.apple.product-type.bundle.unit-test";
		};
/* End PBXNativeTarget section */

/* Begin PBXProject section */
		59F0FDC318FF72340084CA2F /* Project object */ = {
			isa = PBXProject;
			attributes = {
				LastUpgradeCheck = 0510;
				ORGANIZATIONNAME = freshlhy;
				TargetAttributes = {
					59F0FDEE18FF72340084CA2F = {
						TestTargetID = 59F0FDCA18FF72340084CA2F;
					};
				};
			};
			buildConfigurationList = 59F0FDC618FF72340084CA2F /* Build configuration list for PBXProject "CoffeeKit" */;
			compatibilityVersion = "Xcode 3.2";
			developmentRegion = English;
			hasScannedForEncodings = 0;
			knownRegions = (
				en,
				Base,
			);
			mainGroup = 59F0FDC218FF72340084CA2F;
			productRefGroup = 59F0FDCC18FF72340084CA2F /* Products */;
			projectDirPath = "";
			projectRoot = "";
			targets = (
				59F0FDCA18FF72340084CA2F /* CoffeeKit */,
				59F0FDEE18FF72340084CA2F /* CoffeeKitTests */,
			);
		};
/* End PBXProject section */

/* Begin PBXResourcesBuildPhase section */
		59F0FDC918FF72340084CA2F /* Resources */ = {
			isa = PBXResourcesBuildPhase;
			buildActionMask = 2147483647;
			files = (
				59F0FDEA18FF72340084CA2F /* Images.xcassets in Resources */,
				59F0FDD918FF72340084CA2F /* InfoPlist.strings in Resources */,
				59F0FDE218FF72340084CA2F /* Main.storyboard in Resources */,
			);
			runOnlyForDeploymentPostprocessing = 0;
		};
		59F0FDED18FF72340084CA2F /* Resources */ = {
			isa = PBXResourcesBuildPhase;
			buildActionMask = 2147483647;
			files = (
				59F0FDFB18FF72340084CA2F /* InfoPlist.strings in Resources */,
			);
			runOnlyForDeploymentPostprocessing = 0;
		};
/* End PBXResourcesBuildPhase section */

/* Begin PBXShellScriptBuildPhase section */
		1F1D14F20083462ABDCB3EBC /* Copy Pods Resources */ = {
			isa = PBXShellScriptBuildPhase;
			buildActionMask = 2147483647;
			files = (
			);
			inputPaths = (
			);
			name = "Copy Pods Resources";
			outputPaths = (
			);
			runOnlyForDeploymentPostprocessing = 0;
			shellPath = /bin/sh;
			shellScript = "\"${SRCROOT}/Pods/Pods-resources.sh\"\n";
			showEnvVarsInLog = 0;
		};
		D12FE00287654A1A888644D6 /* Check Pods Manifest.lock */ = {
			isa = PBXShellScriptBuildPhase;
			buildActionMask = 2147483647;
			files = (
			);
			inputPaths = (
			);
			name = "Check Pods Manifest.lock";
			outputPaths = (
			);
			runOnlyForDeploymentPostprocessing = 0;
			shellPath = /bin/sh;
			shellScript = "diff \"${PODS_ROOT}/../Podfile.lock\" \"${PODS_ROOT}/Manifest.lock\" > /dev/null\nif [[ $? != 0 ]] ; then\n    cat << EOM\nerror: The sandbox is not in sync with the Podfile.lock. Run 'pod install' or update your CocoaPods installation.\nEOM\n    exit 1\nfi\n";
			showEnvVarsInLog = 0;
		};
/* End PBXShellScriptBuildPhase section */

/* Begin PBXSourcesBuildPhase section */
		59F0FDC718FF72340084CA2F /* Sources */ = {
			isa = PBXSourcesBuildPhase;
			buildActionMask = 2147483647;
			files = (
				59F0FDDF18FF72340084CA2F /* AppDelegate.m in Sources */,
				59F0FDE518FF72340084CA2F /* MasterViewController.m in Sources */,
				59F0FDDB18FF72340084CA2F /* main.m in Sources */,
				59558A91190011DF00D1E37A /* Venue.m in Sources */,
				59558A9419001AF900D1E37A /* Location.m in Sources */,
				59F0FDE818FF72340084CA2F /* DetailViewController.m in Sources */,
				59558A971903626100D1E37A /* VenueCell.m in Sources */,
			);
			runOnlyForDeploymentPostprocessing = 0;
		};
		59F0FDEB18FF72340084CA2F /* Sources */ = {
			isa = PBXSourcesBuildPhase;
			buildActionMask = 2147483647;
			files = (
				59F0FDFD18FF72340084CA2F /* CoffeeKitTests.m in Sources */,
			);
			runOnlyForDeploymentPostprocessing = 0;
		};
/* End PBXSourcesBuildPhase section */

/* Begin PBXTargetDependency section */
		59F0FDF518FF72340084CA2F /* PBXTargetDependency */ = {
			isa = PBXTargetDependency;
			target = 59F0FDCA18FF72340084CA2F /* CoffeeKit */;
			targetProxy = 59F0FDF418FF72340084CA2F /* PBXContainerItemProxy */;
		};
/* End PBXTargetDependency section */

/* Begin PBXVariantGroup section */
		59F0FDD718FF72340084CA2F /* InfoPlist.strings */ = {
			isa = PBXVariantGroup;
			children = (
				59F0FDD818FF72340084CA2F /* en */,
			);
			name = InfoPlist.strings;
			sourceTree = "<group>";
		};
		59F0FDE018FF72340084CA2F /* Main.storyboard */ = {
			isa = PBXVariantGroup;
			children = (
				59F0FDE118FF72340084CA2F /* Base */,
			);
			name = Main.storyboard;
			sourceTree = "<group>";
		};
		59F0FDF918FF72340084CA2F /* InfoPlist.strings */ = {
			isa = PBXVariantGroup;
			children = (
				59F0FDFA18FF72340084CA2F /* en */,
			);
			name = InfoPlist.strings;
			sourceTree = "<group>";
		};
/* End PBXVariantGroup section */

/* Begin XCBuildConfiguration section */
		59F0FDFE18FF72340084CA2F /* Debug */ = {
			isa = XCBuildConfiguration;
			buildSettings = {
				ALWAYS_SEARCH_USER_PATHS = NO;
				CLANG_CXX_LANGUAGE_STANDARD = "gnu++0x";
				CLANG_CXX_LIBRARY = "libc++";
				CLANG_ENABLE_MODULES = YES;
				CLANG_ENABLE_OBJC_ARC = YES;
				CLANG_WARN_BOOL_CONVERSION = YES;
				CLANG_WARN_CONSTANT_CONVERSION = YES;
				CLANG_WARN_DIRECT_OBJC_ISA_USAGE = YES_ERROR;
				CLANG_WARN_EMPTY_BODY = YES;
				CLANG_WARN_ENUM_CONVERSION = YES;
				CLANG_WARN_INT_CONVERSION = YES;
				CLANG_WARN_OBJC_ROOT_CLASS = YES_ERROR;
				CLANG_WARN__DUPLICATE_METHOD_MATCH = YES;
				"CODE_SIGN_IDENTITY[sdk=iphoneos*]" = "iPhone Developer";
				COPY_PHASE_STRIP = NO;
				GCC_C_LANGUAGE_STANDARD = gnu99;
				GCC_DYNAMIC_NO_PIC = NO;
				GCC_OPTIMIZATION_LEVEL = 0;
				GCC_PREPROCESSOR_DEFINITIONS = (
					"DEBUG=1",
					"$(inherited)",
				);
				GCC_SYMBOLS_PRIVATE_EXTERN = NO;
				GCC_WARN_64_TO_32_BIT_CONVERSION = YES;
				GCC_WARN_ABOUT_RETURN_TYPE = YES_ERROR;
				GCC_WARN_UNDECLARED_SELECTOR = YES;
				GCC_WARN_UNINITIALIZED_AUTOS = YES_AGGRESSIVE;
				GCC_WARN_UNUSED_FUNCTION = YES;
				GCC_WARN_UNUSED_VARIABLE = YES;
				IPHONEOS_DEPLOYMENT_TARGET = 7.1;
				ONLY_ACTIVE_ARCH = YES;
				SDKROOT = iphoneos;
			};
			name = Debug;
		};
		59F0FDFF18FF72340084CA2F /* Release */ = {
			isa = XCBuildConfiguration;
			buildSettings = {
				ALWAYS_SEARCH_USER_PATHS = NO;
				CLANG_CXX_LANGUAGE_STANDARD = "gnu++0x";
				CLANG_CXX_LIBRARY = "libc++";
				CLANG_ENABLE_MODULES = YES;
				CLANG_ENABLE_OBJC_ARC = YES;
				CLANG_WARN_BOOL_CONVERSION = YES;
				CLANG_WARN_CONSTANT_CONVERSION = YES;
				CLANG_WARN_DIRECT_OBJC_ISA_USAGE = YES_ERROR;
				CLANG_WARN_EMPTY_BODY = YES;
				CLANG_WARN_ENUM_CONVERSION = YES;
				CLANG_WARN_INT_CONVERSION = YES;
				CLANG_WARN_OBJC_ROOT_CLASS = YES_ERROR;
				CLANG_WARN__DUPLICATE_METHOD_MATCH = YES;
				"CODE_SIGN_IDENTITY[sdk=iphoneos*]" = "iPhone Developer";
				COPY_PHASE_STRIP = YES;
				ENABLE_NS_ASSERTIONS = NO;
				GCC_C_LANGUAGE_STANDARD = gnu99;
				GCC_WARN_64_TO_32_BIT_CONVERSION = YES;
				GCC_WARN_ABOUT_RETURN_TYPE = YES_ERROR;
				GCC_WARN_UNDECLARED_SELECTOR = YES;
				GCC_WARN_UNINITIALIZED_AUTOS = YES_AGGRESSIVE;
				GCC_WARN_UNUSED_FUNCTION = YES;
				GCC_WARN_UNUSED_VARIABLE = YES;
				IPHONEOS_DEPLOYMENT_TARGET = 7.1;
				SDKROOT = iphoneos;
				VALIDATE_PRODUCT = YES;
			};
			name = Release;
		};
		59F0FE0118FF72340084CA2F /* Debug */ = {
			isa = XCBuildConfiguration;
			baseConfigurationReference = CE7B3DDF839D4CAFADA3226C /* Pods.xcconfig */;
			buildSettings = {
				ASSETCATALOG_COMPILER_APPICON_NAME = AppIcon;
				ASSETCATALOG_COMPILER_LAUNCHIMAGE_NAME = LaunchImage;
				GCC_PRECOMPILE_PREFIX_HEADER = YES;
				GCC_PREFIX_HEADER = "CoffeeKit/CoffeeKit-Prefix.pch";
				INFOPLIST_FILE = "CoffeeKit/CoffeeKit-Info.plist";
				PRODUCT_NAME = "$(TARGET_NAME)";
				WRAPPER_EXTENSION = app;
			};
			name = Debug;
		};
		59F0FE0218FF72340084CA2F /* Release */ = {
			isa = XCBuildConfiguration;
			baseConfigurationReference = CE7B3DDF839D4CAFADA3226C /* Pods.xcconfig */;
			buildSettings = {
				ASSETCATALOG_COMPILER_APPICON_NAME = AppIcon;
				ASSETCATALOG_COMPILER_LAUNCHIMAGE_NAME = LaunchImage;
				GCC_PRECOMPILE_PREFIX_HEADER = YES;
				GCC_PREFIX_HEADER = "CoffeeKit/CoffeeKit-Prefix.pch";
				INFOPLIST_FILE = "CoffeeKit/CoffeeKit-Info.plist";
				PRODUCT_NAME = "$(TARGET_NAME)";
				WRAPPER_EXTENSION = app;
			};
			name = Release;
		};
		59F0FE0418FF72340084CA2F /* Debug */ = {
			isa = XCBuildConfiguration;
			buildSettings = {
				BUNDLE_LOADER = "$(BUILT_PRODUCTS_DIR)/CoffeeKit.app/CoffeeKit";
				FRAMEWORK_SEARCH_PATHS = (
					"$(SDKROOT)/Developer/Library/Frameworks",
					"$(inherited)",
					"$(DEVELOPER_FRAMEWORKS_DIR)",
				);
				GCC_PRECOMPILE_PREFIX_HEADER = YES;
				GCC_PREFIX_HEADER = "CoffeeKit/CoffeeKit-Prefix.pch";
				GCC_PREPROCESSOR_DEFINITIONS = (
					"DEBUG=1",
					"$(inherited)",
				);
				INFOPLIST_FILE = "CoffeeKitTests/CoffeeKitTests-Info.plist";
				PRODUCT_NAME = "$(TARGET_NAME)";
				TEST_HOST = "$(BUNDLE_LOADER)";
				WRAPPER_EXTENSION = xctest;
			};
			name = Debug;
		};
		59F0FE0518FF72340084CA2F /* Release */ = {
			isa = XCBuildConfiguration;
			buildSettings = {
				BUNDLE_LOADER = "$(BUILT_PRODUCTS_DIR)/CoffeeKit.app/CoffeeKit";
				FRAMEWORK_SEARCH_PATHS = (
					"$(SDKROOT)/Developer/Library/Frameworks",
					"$(inherited)",
					"$(DEVELOPER_FRAMEWORKS_DIR)",
				);
				GCC_PRECOMPILE_PREFIX_HEADER = YES;
				GCC_PREFIX_HEADER = "CoffeeKit/CoffeeKit-Prefix.pch";
				INFOPLIST_FILE = "CoffeeKitTests/CoffeeKitTests-Info.plist";
				PRODUCT_NAME = "$(TARGET_NAME)";
				TEST_HOST = "$(BUNDLE_LOADER)";
				WRAPPER_EXTENSION = xctest;
			};
			name = Release;
		};
/* End XCBuildConfiguration section */

/* Begin XCConfigurationList section */
		59F0FDC618FF72340084CA2F /* Build configuration list for PBXProject "CoffeeKit" */ = {
			isa = XCConfigurationList;
			buildConfigurations = (
				59F0FDFE18FF72340084CA2F /* Debug */,
				59F0FDFF18FF72340084CA2F /* Release */,
			);
			defaultConfigurationIsVisible = 0;
			defaultConfigurationName = Release;
		};
		59F0FE0018FF72340084CA2F /* Build configuration list for PBXNativeTarget "CoffeeKit" */ = {
			isa = XCConfigurationList;
			buildConfigurations = (
				59F0FE0118FF72340084CA2F /* Debug */,
				59F0FE0218FF72340084CA2F /* Release */,
			);
			defaultConfigurationIsVisible = 0;
			defaultConfigurationName = Release;
		};
		59F0FE0318FF72340084CA2F /* Build configuration list for PBXNativeTarget "CoffeeKitTests" */ = {
			isa = XCConfigurationList;
			buildConfigurations = (
				59F0FE0418FF72340084CA2F /* Debug */,
				59F0FE0518FF72340084CA2F /* Release */,
			);
			defaultConfigurationIsVisible = 0;
			defaultConfigurationName = Release;
		};
/* End XCConfigurationList section */
	};
	rootObject = 59F0FDC318FF72340084CA2F /* Project object */;
}
